
Microsoft Visual Studio Solution File, Format Version 12.00
# Visual Studio Version 16
VisualStudioVersion = 16.0.30011.22
MinimumVisualStudioVersion = 10.0.40219.1
Project("{8BC9CEB8-8B4A-11D0-8D11-00A0C91BC942}") = "LiPUI", "LiPUI\LiPUI.vcxproj", "{9102a925-3468-46b2-9b8b-b421e3f642ca}"
EndProject
Global
	GlobalSection(SolutionConfigurationPlatforms) = preSolution
		Debug|x64 = Debug|x64
		Release|x64 = Release|x64
	EndGlobalSection
	GlobalSection(ProjectConfigurationPlatforms) = postSolution
		{9102a925-3468-46b2-9b8b-b421e3f642ca}.Debug|x64.ActiveCfg = Debug|x64
		{9102a925-3468-46b2-9b8b-b421e3f642ca}.Debug|x64.Build.0 = Debug|x64
		{9102a925-3468-46b2-9b8b-b421e3f642ca}.Release|x64.ActiveCfg = Release|x64
		{9102a925-3468-46b2-9b8b-b421e3f642ca}.Release|x64.Build.0 = Release|x64
	EndGlobalSection
	GlobalSection(SolutionProperties) = preSolution
		HideSolutionNode = FALSE
	EndGlobalSection
	GlobalSection(ExtensibilityGlobals) = postSolution
		SolutionGuid = {4b76a405-f448-4e8d-861d-90c3f0039ab6}
	EndGlobalSection
EndGlobal
